
Microsoft Visual Studio Solution File, Format Version 12.00
# Visual Studio Version 16
VisualStudioVersion = 16.0.29806.167
MinimumVisualStudioVersion = 15.0.26124.0
Project("{2150E333-8FDC-42A3-9474-1A3956D46DE8}") = "src", "src", "{66980C6B-7B3F-4E59-903A-DF1FFCD3D794}"
EndProject
Project("{2150E333-8FDC-42A3-9474-1A3956D46DE8}") = "Solution Items", "Solution Items", "{C13FE95D-14DA-4B25-A783-2D068FDCE688}"
	ProjectSection(SolutionItems) = preProject
		.editorconfig = .editorconfig
		.gitignore = .gitignore
		Directory.Build.props = Directory.Build.props
		Directory.Build.targets = Directory.Build.targets
		LICENSE = LICENSE
		README.md = README.md
	EndProjectSection
EndProject
Project("{9A19103F-16F7-4668-BE54-9A1E7A4F7556}") = "Scheduler", "src\Scheduler\Scheduler.csproj", "{66C4F967-8269-45AD-A163-E1D986688E66}"
EndProject
Project("{2150E333-8FDC-42A3-9474-1A3956D46DE8}") = "test", "test", "{C29F9558-689D-44A2-9A47-4F7162319598}"
EndProject
Project("{9A19103F-16F7-4668-BE54-9A1E7A4F7556}") = "Scheduler.Test", "test\Scheduler.Test\Scheduler.Test.csproj", "{129B383F-DE5A-4F16-89AE-49BEDAEB8C18}"
EndProject
Project("{9A19103F-16F7-4668-BE54-9A1E7A4F7556}") = "Scheduler.IntegrationTest", "test\Scheduler.IntegrationTest\Scheduler.IntegrationTest.csproj", "{3EC44D66-1225-43D2-8A92-4A541A5DAFA8}"
EndProject
Project("{2150E333-8FDC-42A3-9474-1A3956D46DE8}") = "samples", "samples", "{ECF0A36F-65B2-40E3-84F1-D6BBE7EDDD70}"
EndProject
Project("{9A19103F-16F7-4668-BE54-9A1E7A4F7556}") = "CronScheduler.Host", "samples\CronScheduler.Host\CronScheduler.Host.csproj", "{6DF13F94-1E72-463A-B826-D700DEBA2654}"
EndProject
Project("{9A19103F-16F7-4668-BE54-9A1E7A4F7556}") = "Scheduler.Abstractions", "src\Scheduler.Abstractions\Scheduler.Abstractions.csproj", "{5F0364AE-CB8A-42CE-BB80-3D91B0B4BC2C}"
EndProject
Project("{9A19103F-16F7-4668-BE54-9A1E7A4F7556}") = "CronScheduler.WebHost", "samples\CronScheduler.WebHost\CronScheduler.WebHost.csproj", "{B9E827FC-9709-40FE-97F9-BEF0FB88AB07}"
EndProject
Global
	GlobalSection(SolutionConfigurationPlatforms) = preSolution
		Debug|Any CPU = Debug|Any CPU
		Release|Any CPU = Release|Any CPU
	EndGlobalSection
	GlobalSection(ProjectConfigurationPlatforms) = postSolution
		{66C4F967-8269-45AD-A163-E1D986688E66}.Debug|Any CPU.ActiveCfg = Debug|Any CPU
		{66C4F967-8269-45AD-A163-E1D986688E66}.Debug|Any CPU.Build.0 = Debug|Any CPU
		{66C4F967-8269-45AD-A163-E1D986688E66}.Release|Any CPU.ActiveCfg = Release|Any CPU
		{66C4F967-8269-45AD-A163-E1D986688E66}.Release|Any CPU.Build.0 = Release|Any CPU
		{129B383F-DE5A-4F16-89AE-49BEDAEB8C18}.Debug|Any CPU.ActiveCfg = Debug|Any CPU
		{129B383F-DE5A-4F16-89AE-49BEDAEB8C18}.Debug|Any CPU.Build.0 = Debug|Any CPU
		{129B383F-DE5A-4F16-89AE-49BEDAEB8C18}.Release|Any CPU.ActiveCfg = Release|Any CPU
		{129B383F-DE5A-4F16-89AE-49BEDAEB8C18}.Release|Any CPU.Build.0 = Release|Any CPU
		{3EC44D66-1225-43D2-8A92-4A541A5DAFA8}.Debug|Any CPU.ActiveCfg = Debug|Any CPU
		{3EC44D66-1225-43D2-8A92-4A541A5DAFA8}.Debug|Any CPU.Build.0 = Debug|Any CPU
		{3EC44D66-1225-43D2-8A92-4A541A5DAFA8}.Release|Any CPU.ActiveCfg = Release|Any CPU
		{3EC44D66-1225-43D2-8A92-4A541A5DAFA8}.Release|Any CPU.Build.0 = Release|Any CPU
		{6DF13F94-1E72-463A-B826-D700DEBA2654}.Debug|Any CPU.ActiveCfg = Debug|Any CPU
		{6DF13F94-1E72-463A-B826-D700DEBA2654}.Debug|Any CPU.Build.0 = Debug|Any CPU
		{6DF13F94-1E72-463A-B826-D700DEBA2654}.Release|Any CPU.ActiveCfg = Release|Any CPU
		{5F0364AE-CB8A-42CE-BB80-3D91B0B4BC2C}.Debug|Any CPU.ActiveCfg = Debug|Any CPU
		{5F0364AE-CB8A-42CE-BB80-3D91B0B4BC2C}.Debug|Any CPU.Build.0 = Debug|Any CPU
		{5F0364AE-CB8A-42CE-BB80-3D91B0B4BC2C}.Release|Any CPU.ActiveCfg = Release|Any CPU
		{5F0364AE-CB8A-42CE-BB80-3D91B0B4BC2C}.Release|Any CPU.Build.0 = Release|Any CPU
		{B9E827FC-9709-40FE-97F9-BEF0FB88AB07}.Debug|Any CPU.ActiveCfg = Debug|Any CPU
		{B9E827FC-9709-40FE-97F9-BEF0FB88AB07}.Debug|Any CPU.Build.0 = Debug|Any CPU
		{B9E827FC-9709-40FE-97F9-BEF0FB88AB07}.Release|Any CPU.ActiveCfg = Release|Any CPU
	EndGlobalSection
	GlobalSection(SolutionProperties) = preSolution
		HideSolutionNode = FALSE
	EndGlobalSection
	GlobalSection(NestedProjects) = preSolution
		{66C4F967-8269-45AD-A163-E1D986688E66} = {66980C6B-7B3F-4E59-903A-DF1FFCD3D794}
		{129B383F-DE5A-4F16-89AE-49BEDAEB8C18} = {C29F9558-689D-44A2-9A47-4F7162319598}
		{3EC44D66-1225-43D2-8A92-4A541A5DAFA8} = {C29F9558-689D-44A2-9A47-4F7162319598}
		{6DF13F94-1E72-463A-B826-D700DEBA2654} = {ECF0A36F-65B2-40E3-84F1-D6BBE7EDDD70}
		{5F0364AE-CB8A-42CE-BB80-3D91B0B4BC2C} = {66980C6B-7B3F-4E59-903A-DF1FFCD3D794}
		{B9E827FC-9709-40FE-97F9-BEF0FB88AB07} = {ECF0A36F-65B2-40E3-84F1-D6BBE7EDDD70}
	EndGlobalSection
	GlobalSection(ExtensibilityGlobals) = postSolution
		SolutionGuid = {12503D38-463D-4D2D-AB38-6B98F4217312}
	EndGlobalSection
EndGlobal
